// !$*UTF8*$!
{
	archiveVersion = 1;
	classes = {
	};
	objectVersion = 50;
	objects = {

/* Begin PBXBuildFile section */
		1E5D08B623E3BFB3004D45ED /* Localizable.strings in Resources */ = {isa = PBXBuildFile; fileRef = 1E5D08B823E3BFB3004D45ED /* Localizable.strings */; };
		1EB9A71423D978CC00E04BC4 /* AppDelegate.swift in Sources */ = {isa = PBXBuildFile; fileRef = 1EB9A71323D978CC00E04BC4 /* AppDelegate.swift */; };
		1EB9A71623D978CC00E04BC4 /* SceneDelegate.swift in Sources */ = {isa = PBXBuildFile; fileRef = 1EB9A71523D978CC00E04BC4 /* SceneDelegate.swift */; };
		1EB9A71823D978CC00E04BC4 /* ViewController.swift in Sources */ = {isa = PBXBuildFile; fileRef = 1EB9A71723D978CC00E04BC4 /* ViewController.swift */; };
		1EB9A71B23D978CC00E04BC4 /* Main.storyboard in Resources */ = {isa = PBXBuildFile; fileRef = 1EB9A71923D978CC00E04BC4 /* Main.storyboard */; };
		1EB9A71D23D978CE00E04BC4 /* Assets.xcassets in Resources */ = {isa = PBXBuildFile; fileRef = 1EB9A71C23D978CE00E04BC4 /* Assets.xcassets */; };
		1EB9A72023D978CE00E04BC4 /* LaunchScreen.storyboard in Resources */ = {isa = PBXBuildFile; fileRef = 1EB9A71E23D978CE00E04BC4 /* LaunchScreen.storyboard */; };
		1EE4A50323D9D16F00D69BC9 /* Constants.swift in Sources */ = {isa = PBXBuildFile; fileRef = 1EE4A50223D9D16F00D69BC9 /* Constants.swift */; };
/* End PBXBuildFile section */

/* Begin PBXFileReference section */
		1E5D08B723E3BFB3004D45ED /* ru */ = {isa = PBXFileReference; lastKnownFileType = text.plist.strings; name = ru; path = ru.lproj/Localizable.strings; sourceTree = "<group>"; };
		1E5D08B923E3BFB9004D45ED /* en */ = {isa = PBXFileReference; lastKnownFileType = text.plist.strings; name = en; path = en.lproj/Localizable.strings; sourceTree = "<group>"; };
		1EB9A71023D978CC00E04BC4 /* Swiift-project1.app */ = {isa = PBXFileReference; explicitFileType = wrapper.application; includeInIndex = 0; path = "Swiift-project1.app"; sourceTree = BUILT_PRODUCTS_DIR; };
		1EB9A71323D978CC00E04BC4 /* AppDelegate.swift */ = {isa = PBXFileReference; lastKnownFileType = sourcecode.swift; path = AppDelegate.swift; sourceTree = "<group>"; };
		1EB9A71523D978CC00E04BC4 /* SceneDelegate.swift */ = {isa = PBXFileReference; lastKnownFileType = sourcecode.swift; path = SceneDelegate.swift; sourceTree = "<group>"; };
		1EB9A71723D978CC00E04BC4 /* ViewController.swift */ = {isa = PBXFileReference; lastKnownFileType = sourcecode.swift; path = ViewController.swift; sourceTree = "<group>"; };
		1EB9A71A23D978CC00E04BC4 /* Base */ = {isa = PBXFileReference; lastKnownFileType = file.storyboard; name = Base; path = Base.lproj/Main.storyboard; sourceTree = "<group>"; };
		1EB9A71C23D978CE00E04BC4 /* Assets.xcassets */ = {isa = PBXFileReference; lastKnownFileType = folder.assetcatalog; path = Assets.xcassets; sourceTree = "<group>"; };
		1EB9A71F23D978CE00E04BC4 /* Base */ = {isa = PBXFileReference; lastKnownFileType = file.storyboard; name = Base; path = Base.lproj/LaunchScreen.storyboard; sourceTree = "<group>"; };
		1EB9A72123D978CE00E04BC4 /* Info.plist */ = {isa = PBXFileReference; lastKnownFileType = text.plist.xml; path = Info.plist; sourceTree = "<group>"; };
		1EE4A50223D9D16F00D69BC9 /* Constants.swift */ = {isa = PBXFileReference; lastKnownFileType = sourcecode.swift; path = Constants.swift; sourceTree = "<group>"; };
		1EE4A50423D9D8B400D69BC9 /* Swiift-project1.entitlements */ = {isa = PBXFileReference; lastKnownFileType = text.plist.entitlements; path = "Swiift-project1.entitlements"; sourceTree = "<group>"; };
		1EF0E6BA23E31D42000995CF /* ru */ = {isa = PBXFileReference; lastKnownFileType = text.plist.strings; name = ru; path = ru.lproj/Main.strings; sourceTree = "<group>"; };
		1EF0E6BD23E32067000995CF /* en */ = {isa = PBXFileReference; lastKnownFileType = text.plist.strings; name = en; path = en.lproj/Main.strings; sourceTree = "<group>"; };
		1EF0E6BF23E32212000995CF /* en */ = {isa = PBXFileReference; lastKnownFileType = text.plist.strings; name = en; path = en.lproj/LaunchScreen.strings; sourceTree = "<group>"; };
		1EF0E6C023E3282F000995CF /* ru */ = {isa = PBXFileReference; lastKnownFileType = file.storyboard; name = ru; path = ru.lproj/LaunchScreen.storyboard; sourceTree = "<group>"; };
/* End PBXFileReference section */

/* Begin PBXFrameworksBuildPhase section */
		1EB9A70D23D978CC00E04BC4 /* Frameworks */ = {
			isa = PBXFrameworksBuildPhase;
			buildActionMask = 2147483647;
			files = (
			);
			runOnlyForDeploymentPostprocessing = 0;
		};
/* End PBXFrameworksBuildPhase section */

/* Begin PBXGroup section */
		1EB9A70723D978CC00E04BC4 = {
			isa = PBXGroup;
			children = (
				1EB9A71223D978CC00E04BC4 /* Swiift-project1 */,
				1EB9A71123D978CC00E04BC4 /* Products */,
			);
			sourceTree = "<group>";
		};
		1EB9A71123D978CC00E04BC4 /* Products */ = {
			isa = PBXGroup;
			children = (
				1EB9A71023D978CC00E04BC4 /* Swiift-project1.app */,
			);
			name = Products;
			sourceTree = "<group>";
		};
		1EB9A71223D978CC00E04BC4 /* Swiift-project1 */ = {
			isa = PBXGroup;
			children = (
				1EE4A50423D9D8B400D69BC9 /* Swiift-project1.entitlements */,
				1EB9A71323D978CC00E04BC4 /* AppDelegate.swift */,
				1EB9A71523D978CC00E04BC4 /* SceneDelegate.swift */,
				1EE4A50223D9D16F00D69BC9 /* Constants.swift */,
				1EB9A71723D978CC00E04BC4 /* ViewController.swift */,
				1EB9A71923D978CC00E04BC4 /* Main.storyboard */,
				1EB9A71C23D978CE00E04BC4 /* Assets.xcassets */,
				1EB9A71E23D978CE00E04BC4 /* LaunchScreen.storyboard */,
				1EB9A72123D978CE00E04BC4 /* Info.plist */,
				1E5D08B823E3BFB3004D45ED /* Localizable.strings */,
			);
			path = "Swiift-project1";
			sourceTree = "<group>";
		};
/* End PBXGroup section */

/* Begin PBXNativeTarget section */
		1EB9A70F23D978CC00E04BC4 /* Swiift-project1 */ = {
			isa = PBXNativeTarget;
			buildConfigurationList = 1EB9A72423D978CE00E04BC4 /* Build configuration list for PBXNativeTarget "Swiift-project1" */;
			buildPhases = (
				1EB9A70C23D978CC00E04BC4 /* Sources */,
				1EB9A70D23D978CC00E04BC4 /* Frameworks */,
				1EB9A70E23D978CC00E04BC4 /* Resources */,
			);
			buildRules = (
			);
			dependencies = (
			);
			name = "Swiift-project1";
			productName = "Swiift-project1";
			productReference = 1EB9A71023D978CC00E04BC4 /* Swiift-project1.app */;
			productType = "com.apple.product-type.application";
		};
/* End PBXNativeTarget section */

/* Begin PBXProject section */
		1EB9A70823D978CC00E04BC4 /* Project object */ = {
			isa = PBXProject;
			attributes = {
				LastSwiftUpdateCheck = 1110;
				LastUpgradeCheck = 1110;
				ORGANIZATIONNAME = epam;
				TargetAttributes = {
					1EB9A70F23D978CC00E04BC4 = {
						CreatedOnToolsVersion = 11.1;
					};
				};
			};
			buildConfigurationList = 1EB9A70B23D978CC00E04BC4 /* Build configuration list for PBXProject "Swiift-project1" */;
			compatibilityVersion = "Xcode 9.3";
			developmentRegion = en;
			hasScannedForEncodings = 0;
			knownRegions = (
				en,
				Base,
				ru,
			);
			mainGroup = 1EB9A70723D978CC00E04BC4;
			productRefGroup = 1EB9A71123D978CC00E04BC4 /* Products */;
			projectDirPath = "";
			projectRoot = "";
			targets = (
				1EB9A70F23D978CC00E04BC4 /* Swiift-project1 */,
			);
		};
/* End PBXProject section */

/* Begin PBXResourcesBuildPhase section */
		1EB9A70E23D978CC00E04BC4 /* Resources */ = {
			isa = PBXResourcesBuildPhase;
			buildActionMask = 2147483647;
			files = (
				1EB9A72023D978CE00E04BC4 /* LaunchScreen.storyboard in Resources */,
				1E5D08B623E3BFB3004D45ED /* Localizable.strings in Resources */,
				1EB9A71D23D978CE00E04BC4 /* Assets.xcassets in Resources */,
				1EB9A71B23D978CC00E04BC4 /* Main.storyboard in Resources */,
			);
			runOnlyForDeploymentPostprocessing = 0;
		};
/* End PBXResourcesBuildPhase section */

/* Begin PBXSourcesBuildPhase section */
		1EB9A70C23D978CC00E04BC4 /* Sources */ = {
			isa = PBXSourcesBuildPhase;
			buildActionMask = 2147483647;
			files = (
				1EB9A71823D978CC00E04BC4 /* ViewController.swift in Sources */,
				1EB9A71423D978CC00E04BC4 /* AppDelegate.swift in Sources */,
				1EB9A71623D978CC00E04BC4 /* SceneDelegate.swift in Sources */,
				1EE4A50323D9D16F00D69BC9 /* Constants.swift in Sources */,
			);
			runOnlyForDeploymentPostprocessing = 0;
		};
/* End PBXSourcesBuildPhase section */

/* Begin PBXVariantGroup section */
		1E5D08B823E3BFB3004D45ED /* Localizable.strings */ = {
			isa = PBXVariantGroup;
			children = (
				1E5D08B723E3BFB3004D45ED /* ru */,
				1E5D08B923E3BFB9004D45ED /* en */,
			);
			name = Localizable.strings;
			sourceTree = "<group>";
		};
		1EB9A71923D978CC00E04BC4 /* Main.storyboard */ = {
			isa = PBXVariantGroup;
			children = (
				1EB9A71A23D978CC00E04BC4 /* Base */,
				1EF0E6BA23E31D42000995CF /* ru */,
				1EF0E6BD23E32067000995CF /* en */,
			);
			name = Main.storyboard;
			sourceTree = "<group>";
		};
		1EB9A71E23D978CE00E04BC4 /* LaunchScreen.storyboard */ = {
			isa = PBXVariantGroup;
			children = (
				1EB9A71F23D978CE00E04BC4 /* Base */,
				1EF0E6BF23E32212000995CF /* en */,
				1EF0E6C023E3282F000995CF /* ru */,
			);
			name = LaunchScreen.storyboard;
			sourceTree = "<group>";
		};
/* End PBXVariantGroup section */

/* Begin XCBuildConfiguration section */
		1EB9A72223D978CE00E04BC4 /* Debug */ = {
			isa = XCBuildConfiguration;
			buildSettings = {
				ALWAYS_SEARCH_USER_PATHS = NO;
				CLANG_ANALYZER_LOCALIZABILITY_NONLOCALIZED = YES;
				CLANG_ANALYZER_NONNULL = YES;
				CLANG_ANALYZER_NUMBER_OBJECT_CONVERSION = YES_AGGRESSIVE;
				CLANG_CXX_LANGUAGE_STANDARD = "gnu++14";
				CLANG_CXX_LIBRARY = "libc++";
				CLANG_ENABLE_MODULES = YES;
				CLANG_ENABLE_OBJC_ARC = YES;
				CLANG_ENABLE_OBJC_WEAK = YES;
				CLANG_WARN_BLOCK_CAPTURE_AUTORELEASING = YES;
				CLANG_WARN_BOOL_CONVERSION = YES;
				CLANG_WARN_COMMA = YES;
				CLANG_WARN_CONSTANT_CONVERSION = YES;
				CLANG_WARN_DEPRECATED_OBJC_IMPLEMENTATIONS = YES;
				CLANG_WARN_DIRECT_OBJC_ISA_USAGE = YES_ERROR;
				CLANG_WARN_DOCUMENTATION_COMMENTS = YES;
				CLANG_WARN_EMPTY_BODY = YES;
				CLANG_WARN_ENUM_CONVERSION = YES;
				CLANG_WARN_INFINITE_RECURSION = YES;
				CLANG_WARN_INT_CONVERSION = YES;
				CLANG_WARN_NON_LITERAL_NULL_CONVERSION = YES;
				CLANG_WARN_OBJC_IMPLICIT_RETAIN_SELF = YES;
				CLANG_WARN_OBJC_LITERAL_CONVERSION = YES;
				CLANG_WARN_OBJC_ROOT_CLASS = YES_ERROR;
				CLANG_WARN_RANGE_LOOP_ANALYSIS = YES;
				CLANG_WARN_STRICT_PROTOTYPES = YES;
				CLANG_WARN_SUSPICIOUS_MOVE = YES;
				CLANG_WARN_UNGUARDED_AVAILABILITY = YES_AGGRESSIVE;
				CLANG_WARN_UNREACHABLE_CODE = YES;
				CLANG_WARN__DUPLICATE_METHOD_MATCH = YES;
				COPY_PHASE_STRIP = NO;
				DEBUG_INFORMATION_FORMAT = dwarf;
				ENABLE_STRICT_OBJC_MSGSEND = YES;
				ENABLE_TESTABILITY = YES;
				GCC_C_LANGUAGE_STANDARD = gnu11;
				GCC_DYNAMIC_NO_PIC = NO;
				GCC_NO_COMMON_BLOCKS = YES;
				GCC_OPTIMIZATION_LEVEL = 0;
				GCC_PREPROCESSOR_DEFINITIONS = (
					"DEBUG=1",
					"$(inherited)",
				);
				GCC_WARN_64_TO_32_BIT_CONVERSION = YES;
				GCC_WARN_ABOUT_RETURN_TYPE = YES_ERROR;
				GCC_WARN_UNDECLARED_SELECTOR = YES;
				GCC_WARN_UNINITIALIZED_AUTOS = YES_AGGRESSIVE;
				GCC_WARN_UNUSED_FUNCTION = YES;
				GCC_WARN_UNUSED_VARIABLE = YES;
				IPHONEOS_DEPLOYMENT_TARGET = 13.1;
				MTL_ENABLE_DEBUG_INFO = INCLUDE_SOURCE;
				MTL_FAST_MATH = YES;
				ONLY_ACTIVE_ARCH = YES;
				SDKROOT = iphoneos;
				SWIFT_ACTIVE_COMPILATION_CONDITIONS = DEBUG;
				SWIFT_OPTIMIZATION_LEVEL = "-Onone";
			};
			name = Debug;
		};
		1EB9A72323D978CE00E04BC4 /* Release */ = {
			isa = XCBuildConfiguration;
			buildSettings = {
				ALWAYS_SEARCH_USER_PATHS = NO;
				CLANG_ANALYZER_LOCALIZABILITY_NONLOCALIZED = YES;
				CLANG_ANALYZER_NONNULL = YES;
				CLANG_ANALYZER_NUMBER_OBJECT_CONVERSION = YES_AGGRESSIVE;
				CLANG_CXX_LANGUAGE_STANDARD = "gnu++14";
				CLANG_CXX_LIBRARY = "libc++";
				CLANG_ENABLE_MODULES = YES;
				CLANG_ENABLE_OBJC_ARC = YES;
				CLANG_ENABLE_OBJC_WEAK = YES;
				CLANG_WARN_BLOCK_CAPTURE_AUTORELEASING = YES;
				CLANG_WARN_BOOL_CONVERSION = YES;
				CLANG_WARN_COMMA = YES;
				CLANG_WARN_CONSTANT_CONVERSION = YES;
				CLANG_WARN_DEPRECATED_OBJC_IMPLEMENTATIONS = YES;
				CLANG_WARN_DIRECT_OBJC_ISA_USAGE = YES_ERROR;
				CLANG_WARN_DOCUMENTATION_COMMENTS = YES;
				CLANG_WARN_EMPTY_BODY = YES;
				CLANG_WARN_ENUM_CONVERSION = YES;
				CLANG_WARN_INFINITE_RECURSION = YES;
				CLANG_WARN_INT_CONVERSION = YES;
				CLANG_WARN_NON_LITERAL_NULL_CONVERSION = YES;
				CLANG_WARN_OBJC_IMPLICIT_RETAIN_SELF = YES;
				CLANG_WARN_OBJC_LITERAL_CONVERSION = YES;
				CLANG_WARN_OBJC_ROOT_CLASS = YES_ERROR;
				CLANG_WARN_RANGE_LOOP_ANALYSIS = YES;
				CLANG_WARN_STRICT_PROTOTYPES = YES;
				CLANG_WARN_SUSPICIOUS_MOVE = YES;
				CLANG_WARN_UNGUARDED_AVAILABILITY = YES_AGGRESSIVE;
				CLANG_WARN_UNREACHABLE_CODE = YES;
				CLANG_WARN__DUPLICATE_METHOD_MATCH = YES;
				COPY_PHASE_STRIP = NO;
				DEBUG_INFORMATION_FORMAT = "dwarf-with-dsym";
				ENABLE_NS_ASSERTIONS = NO;
				ENABLE_STRICT_OBJC_MSGSEND = YES;
				GCC_C_LANGUAGE_STANDARD = gnu11;
				GCC_NO_COMMON_BLOCKS = YES;
				GCC_WARN_64_TO_32_BIT_CONVERSION = YES;
				GCC_WARN_ABOUT_RETURN_TYPE = YES_ERROR;
				GCC_WARN_UNDECLARED_SELECTOR = YES;
				GCC_WARN_UNINITIALIZED_AUTOS = YES_AGGRESSIVE;
				GCC_WARN_UNUSED_FUNCTION = YES;
				GCC_WARN_UNUSED_VARIABLE = YES;
				IPHONEOS_DEPLOYMENT_TARGET = 13.1;
				MTL_ENABLE_DEBUG_INFO = NO;
				MTL_FAST_MATH = YES;
				SDKROOT = iphoneos;
				SWIFT_COMPILATION_MODE = wholemodule;
				SWIFT_OPTIMIZATION_LEVEL = "-O";
				VALIDATE_PRODUCT = YES;
			};
			name = Release;
		};
		1EB9A72523D978CE00E04BC4 /* Debug */ = {
			isa = XCBuildConfiguration;
			buildSettings = {
				ASSETCATALOG_COMPILER_APPICON_NAME = AppIcon;
				CODE_SIGN_ENTITLEMENTS = "Swiift-project1/Swiift-project1.entitlements";
				CODE_SIGN_STYLE = Automatic;
				DERIVE_MACCATALYST_PRODUCT_BUNDLE_IDENTIFIER = YES;
				DEVELOPMENT_TEAM = SUXRCZ8424;
				INFOPLIST_FILE = "Swiift-project1/Info.plist";
				IPHONEOS_DEPLOYMENT_TARGET = 12.4;
				LD_RUNPATH_SEARCH_PATHS = (
					"$(inherited)",
					"@executable_path/Frameworks",
				);
				PRODUCT_BUNDLE_IDENTIFIER = "epam.Swiift-project1";
				PRODUCT_NAME = "$(TARGET_NAME)";
				SUPPORTS_MACCATALYST = YES;
				SWIFT_VERSION = 5.0;
				TARGETED_DEVICE_FAMILY = "1,2";
			};
			name = Debug;
		};
		1EB9A72623D978CE00E04BC4 /* Release */ = {
			isa = XCBuildConfiguration;
			buildSettings = {
				ASSETCATALOG_COMPILER_APPICON_NAME = AppIcon;
				CODE_SIGN_ENTITLEMENTS = "Swiift-project1/Swiift-project1.entitlements";
				CODE_SIGN_STYLE = Automatic;
				DERIVE_MACCATALYST_PRODUCT_BUNDLE_IDENTIFIER = YES;
				DEVELOPMENT_TEAM = SUXRCZ8424;
				INFOPLIST_FILE = "Swiift-project1/Info.plist";
				IPHONEOS_DEPLOYMENT_TARGET = 12.4;
				LD_RUNPATH_SEARCH_PATHS = (
					"$(inherited)",
					"@executable_path/Frameworks",
				);
				PRODUCT_BUNDLE_IDENTIFIER = "epam.Swiift-project1";
				PRODUCT_NAME = "$(TARGET_NAME)";
				SUPPORTS_MACCATALYST = YES;
				SWIFT_VERSION = 5.0;
				TARGETED_DEVICE_FAMILY = "1,2";
			};
			name = Release;
		};
/* End XCBuildConfiguration section */

/* Begin XCConfigurationList section */
		1EB9A70B23D978CC00E04BC4 /* Build configuration list for PBXProject "Swiift-project1" */ = {
			isa = XCConfigurationList;
			buildConfigurations = (
				1EB9A72223D978CE00E04BC4 /* Debug */,
				1EB9A72323D978CE00E04BC4 /* Release */,
			);
			defaultConfigurationIsVisible = 0;
			defaultConfigurationName = Release;
		};
		1EB9A72423D978CE00E04BC4 /* Build configuration list for PBXNativeTarget "Swiift-project1" */ = {
			isa = XCConfigurationList;
			buildConfigurations = (
				1EB9A72523D978CE00E04BC4 /* Debug */,
				1EB9A72623D978CE00E04BC4 /* Release */,
			);
			defaultConfigurationIsVisible = 0;
			defaultConfigurationName = Release;
		};
/* End XCConfigurationList section */
	};
	rootObject = 1EB9A70823D978CC00E04BC4 /* Project object */;
}
